{
  "lockfileVersion": 1,
  "dependencies": {
    "jasmine-core": {
      "version": "2.6.4",
      "resolved": "https://registry.npmjs.org/jasmine-core/-/jasmine-core-2.6.4.tgz",
      "integrity": "sha1-3skmzQqfoof7bbXHVfpIfnTOysU="
    },
    "jquery": {
      "version": "3.2.1",
      "resolved": "https://registry.npmjs.org/jquery/-/jquery-3.2.1.tgz",
      "integrity": "sha1-XE2d5lKvbNCncBVKYxu6ErAVx4c="
    },
    "jquery-easing": {
      "version": "0.0.1",
      "resolved": "https://registry.npmjs.org/jquery-easing/-/jquery-easing-0.0.1.tgz",
      "integrity": "sha1-s8N1JbVXNNwe4a0JtsM3MYdodxU="
    },
    "marker-animate": {
      "version": "0.0.1",
      "resolved": "https://registry.npmjs.org/marker-animate/-/marker-animate-0.0.1.tgz",
      "integrity": "sha1-iDr7h+hCB1r1cdBGL+GpRNu6bRE="
    }
  }
}
